// !$*UTF8*$!
{
	archiveVersion = 1;
	classes = {
	};
	objectVersion = 55;
	objects = {

/* Begin PBXBuildFile section */
		F8F77B8826FEDB1700D653AF /* AppDelegate.swift in Sources */ = {isa = PBXBuildFile; fileRef = F8F77B8726FEDB1700D653AF /* AppDelegate.swift */; };
		F8F77B8A26FEDB1700D653AF /* SceneDelegate.swift in Sources */ = {isa = PBXBuildFile; fileRef = F8F77B8926FEDB1700D653AF /* SceneDelegate.swift */; };
		F8F77B8C26FEDB1700D653AF /* ViewController.swift in Sources */ = {isa = PBXBuildFile; fileRef = F8F77B8B26FEDB1700D653AF /* ViewController.swift */; };
		F8F77B8F26FEDB1700D653AF /* Main.storyboard in Resources */ = {isa = PBXBuildFile; fileRef = F8F77B8D26FEDB1700D653AF /* Main.storyboard */; };
		F8F77B9126FEDB1D00D653AF /* Assets.xcassets in Resources */ = {isa = PBXBuildFile; fileRef = F8F77B9026FEDB1D00D653AF /* Assets.xcassets */; };
		F8F77B9426FEDB1D00D653AF /* LaunchScreen.storyboard in Resources */ = {isa = PBXBuildFile; fileRef = F8F77B9226FEDB1D00D653AF /* LaunchScreen.storyboard */; };
		F8F77B9F26FEDB1D00D653AF /* RunTests.swift in Sources */ = {isa = PBXBuildFile; fileRef = F8F77B9E26FEDB1D00D653AF /* RunTests.swift */; };
		F8F77BA926FEDB1D00D653AF /* RunUITests.swift in Sources */ = {isa = PBXBuildFile; fileRef = F8F77BA826FEDB1D00D653AF /* RunUITests.swift */; };
		F8F77BAB26FEDB1D00D653AF /* RunUITestsLaunchTests.swift in Sources */ = {isa = PBXBuildFile; fileRef = F8F77BAA26FEDB1D00D653AF /* RunUITestsLaunchTests.swift */; };
/* End PBXBuildFile section */

/* Begin PBXContainerItemProxy section */
		F8F77B9B26FEDB1D00D653AF /* PBXContainerItemProxy */ = {
			isa = PBXContainerItemProxy;
			containerPortal = F8F77B7C26FEDB1700D653AF /* Project object */;
			proxyType = 1;
			remoteGlobalIDString = F8F77B8326FEDB1700D653AF;
			remoteInfo = Run;
		};
		F8F77BA526FEDB1D00D653AF /* PBXContainerItemProxy */ = {
			isa = PBXContainerItemProxy;
			containerPortal = F8F77B7C26FEDB1700D653AF /* Project object */;
			proxyType = 1;
			remoteGlobalIDString = F8F77B8326FEDB1700D653AF;
			remoteInfo = Run;
		};
/* End PBXContainerItemProxy section */

/* Begin PBXFileReference section */
		F8F77B8426FEDB1700D653AF /* Run.app */ = {isa = PBXFileReference; explicitFileType = wrapper.application; includeInIndex = 0; path = Run.app; sourceTree = BUILT_PRODUCTS_DIR; };
		F8F77B8726FEDB1700D653AF /* AppDelegate.swift */ = {isa = PBXFileReference; lastKnownFileType = sourcecode.swift; path = AppDelegate.swift; sourceTree = "<group>"; };
		F8F77B8926FEDB1700D653AF /* SceneDelegate.swift */ = {isa = PBXFileReference; lastKnownFileType = sourcecode.swift; path = SceneDelegate.swift; sourceTree = "<group>"; };
		F8F77B8B26FEDB1700D653AF /* ViewController.swift */ = {isa = PBXFileReference; lastKnownFileType = sourcecode.swift; path = ViewController.swift; sourceTree = "<group>"; };
		F8F77B8E26FEDB1700D653AF /* Base */ = {isa = PBXFileReference; lastKnownFileType = file.storyboard; name = Base; path = Base.lproj/Main.storyboard; sourceTree = "<group>"; };
		F8F77B9026FEDB1D00D653AF /* Assets.xcassets */ = {isa = PBXFileReference; lastKnownFileType = folder.assetcatalog; path = Assets.xcassets; sourceTree = "<group>"; };
		F8F77B9326FEDB1D00D653AF /* Base */ = {isa = PBXFileReference; lastKnownFileType = file.storyboard; name = Base; path = Base.lproj/LaunchScreen.storyboard; sourceTree = "<group>"; };
		F8F77B9526FEDB1D00D653AF /* Info.plist */ = {isa = PBXFileReference; lastKnownFileType = text.plist.xml; path = Info.plist; sourceTree = "<group>"; };
		F8F77B9A26FEDB1D00D653AF /* RunTests.xctest */ = {isa = PBXFileReference; explicitFileType = wrapper.cfbundle; includeInIndex = 0; path = RunTests.xctest; sourceTree = BUILT_PRODUCTS_DIR; };
		F8F77B9E26FEDB1D00D653AF /* RunTests.swift */ = {isa = PBXFileReference; lastKnownFileType = sourcecode.swift; path = RunTests.swift; sourceTree = "<group>"; };
		F8F77BA426FEDB1D00D653AF /* RunUITests.xctest */ = {isa = PBXFileReference; explicitFileType = wrapper.cfbundle; includeInIndex = 0; path = RunUITests.xctest; sourceTree = BUILT_PRODUCTS_DIR; };
		F8F77BA826FEDB1D00D653AF /* RunUITests.swift */ = {isa = PBXFileReference; lastKnownFileType = sourcecode.swift; path = RunUITests.swift; sourceTree = "<group>"; };
		F8F77BAA26FEDB1D00D653AF /* RunUITestsLaunchTests.swift */ = {isa = PBXFileReference; lastKnownFileType = sourcecode.swift; path = RunUITestsLaunchTests.swift; sourceTree = "<group>"; };
/* End PBXFileReference section */

/* Begin PBXFrameworksBuildPhase section */
		F8F77B8126FEDB1700D653AF /* Frameworks */ = {
			isa = PBXFrameworksBuildPhase;
			buildActionMask = 2147483647;
			files = (
			);
			runOnlyForDeploymentPostprocessing = 0;
		};
		F8F77B9726FEDB1D00D653AF /* Frameworks */ = {
			isa = PBXFrameworksBuildPhase;
			buildActionMask = 2147483647;
			files = (
			);
			runOnlyForDeploymentPostprocessing = 0;
		};
		F8F77BA126FEDB1D00D653AF /* Frameworks */ = {
			isa = PBXFrameworksBuildPhase;
			buildActionMask = 2147483647;
			files = (
			);
			runOnlyForDeploymentPostprocessing = 0;
		};
/* End PBXFrameworksBuildPhase section */

/* Begin PBXGroup section */
		F8F77B7B26FEDB1700D653AF = {
			isa = PBXGroup;
			children = (
				F8F77B8626FEDB1700D653AF /* Run */,
				F8F77B9D26FEDB1D00D653AF /* RunTests */,
				F8F77BA726FEDB1D00D653AF /* RunUITests */,
				F8F77B8526FEDB1700D653AF /* Products */,
			);
			sourceTree = "<group>";
		};
		F8F77B8526FEDB1700D653AF /* Products */ = {
			isa = PBXGroup;
			children = (
				F8F77B8426FEDB1700D653AF /* Run.app */,
				F8F77B9A26FEDB1D00D653AF /* RunTests.xctest */,
				F8F77BA426FEDB1D00D653AF /* RunUITests.xctest */,
			);
			name = Products;
			sourceTree = "<group>";
		};
		F8F77B8626FEDB1700D653AF /* Run */ = {
			isa = PBXGroup;
			children = (
				F8F77B8726FEDB1700D653AF /* AppDelegate.swift */,
				F8F77B8926FEDB1700D653AF /* SceneDelegate.swift */,
				F8F77B8B26FEDB1700D653AF /* ViewController.swift */,
				F8F77B8D26FEDB1700D653AF /* Main.storyboard */,
				F8F77B9026FEDB1D00D653AF /* Assets.xcassets */,
				F8F77B9226FEDB1D00D653AF /* LaunchScreen.storyboard */,
				F8F77B9526FEDB1D00D653AF /* Info.plist */,
			);
			path = Run;
			sourceTree = "<group>";
		};
		F8F77B9D26FEDB1D00D653AF /* RunTests */ = {
			isa = PBXGroup;
			children = (
				F8F77B9E26FEDB1D00D653AF /* RunTests.swift */,
			);
			path = RunTests;
			sourceTree = "<group>";
		};
		F8F77BA726FEDB1D00D653AF /* RunUITests */ = {
			isa = PBXGroup;
			children = (
				F8F77BA826FEDB1D00D653AF /* RunUITests.swift */,
				F8F77BAA26FEDB1D00D653AF /* RunUITestsLaunchTests.swift */,
			);
			path = RunUITests;
			sourceTree = "<group>";
		};
/* End PBXGroup section */

/* Begin PBXNativeTarget section */
		F8F77B8326FEDB1700D653AF /* Run */ = {
			isa = PBXNativeTarget;
			buildConfigurationList = F8F77BAE26FEDB1D00D653AF /* Build configuration list for PBXNativeTarget "Run" */;
			buildPhases = (
				F8F77B8026FEDB1700D653AF /* Sources */,
				F8F77B8126FEDB1700D653AF /* Frameworks */,
				F8F77B8226FEDB1700D653AF /* Resources */,
			);
			buildRules = (
			);
			dependencies = (
			);
			name = Run;
			productName = Run;
			productReference = F8F77B8426FEDB1700D653AF /* Run.app */;
			productType = "com.apple.product-type.application";
		};
		F8F77B9926FEDB1D00D653AF /* RunTests */ = {
			isa = PBXNativeTarget;
			buildConfigurationList = F8F77BB126FEDB1D00D653AF /* Build configuration list for PBXNativeTarget "RunTests" */;
			buildPhases = (
				F8F77B9626FEDB1D00D653AF /* Sources */,
				F8F77B9726FEDB1D00D653AF /* Frameworks */,
				F8F77B9826FEDB1D00D653AF /* Resources */,
			);
			buildRules = (
			);
			dependencies = (
				F8F77B9C26FEDB1D00D653AF /* PBXTargetDependency */,
			);
			name = RunTests;
			productName = RunTests;
			productReference = F8F77B9A26FEDB1D00D653AF /* RunTests.xctest */;
			productType = "com.apple.product-type.bundle.unit-test";
		};
		F8F77BA326FEDB1D00D653AF /* RunUITests */ = {
			isa = PBXNativeTarget;
			buildConfigurationList = F8F77BB426FEDB1D00D653AF /* Build configuration list for PBXNativeTarget "RunUITests" */;
			buildPhases = (
				F8F77BA026FEDB1D00D653AF /* Sources */,
				F8F77BA126FEDB1D00D653AF /* Frameworks */,
				F8F77BA226FEDB1D00D653AF /* Resources */,
			);
			buildRules = (
			);
			dependencies = (
				F8F77BA626FEDB1D00D653AF /* PBXTargetDependency */,
			);
			name = RunUITests;
			productName = RunUITests;
			productReference = F8F77BA426FEDB1D00D653AF /* RunUITests.xctest */;
			productType = "com.apple.product-type.bundle.ui-testing";
		};
/* End PBXNativeTarget section */

/* Begin PBXProject section */
		F8F77B7C26FEDB1700D653AF /* Project object */ = {
			isa = PBXProject;
			attributes = {
				BuildIndependentTargetsInParallel = 1;
				LastSwiftUpdateCheck = 1300;
				LastUpgradeCheck = 1300;
				TargetAttributes = {
					F8F77B8326FEDB1700D653AF = {
						CreatedOnToolsVersion = 13.0;
					};
					F8F77B9926FEDB1D00D653AF = {
						CreatedOnToolsVersion = 13.0;
						TestTargetID = F8F77B8326FEDB1700D653AF;
					};
					F8F77BA326FEDB1D00D653AF = {
						CreatedOnToolsVersion = 13.0;
						TestTargetID = F8F77B8326FEDB1700D653AF;
					};
				};
			};
			buildConfigurationList = F8F77B7F26FEDB1700D653AF /* Build configuration list for PBXProject "Run" */;
			compatibilityVersion = "Xcode 13.0";
			developmentRegion = en;
			hasScannedForEncodings = 0;
			knownRegions = (
				en,
				Base,
			);
			mainGroup = F8F77B7B26FEDB1700D653AF;
			productRefGroup = F8F77B8526FEDB1700D653AF /* Products */;
			projectDirPath = "";
			projectRoot = "";
			targets = (
				F8F77B8326FEDB1700D653AF /* Run */,
				F8F77B9926FEDB1D00D653AF /* RunTests */,
				F8F77BA326FEDB1D00D653AF /* RunUITests */,
			);
		};
/* End PBXProject section */

/* Begin PBXResourcesBuildPhase section */
		F8F77B8226FEDB1700D653AF /* Resources */ = {
			isa = PBXResourcesBuildPhase;
			buildActionMask = 2147483647;
			files = (
				F8F77B9426FEDB1D00D653AF /* LaunchScreen.storyboard in Resources */,
				F8F77B9126FEDB1D00D653AF /* Assets.xcassets in Resources */,
				F8F77B8F26FEDB1700D653AF /* Main.storyboard in Resources */,
			);
			runOnlyForDeploymentPostprocessing = 0;
		};
		F8F77B9826FEDB1D00D653AF /* Resources */ = {
			isa = PBXResourcesBuildPhase;
			buildActionMask = 2147483647;
			files = (
			);
			runOnlyForDeploymentPostprocessing = 0;
		};
		F8F77BA226FEDB1D00D653AF /* Resources */ = {
			isa = PBXResourcesBuildPhase;
			buildActionMask = 2147483647;
			files = (
			);
			runOnlyForDeploymentPostprocessing = 0;
		};
/* End PBXResourcesBuildPhase section */

/* Begin PBXSourcesBuildPhase section */
		F8F77B8026FEDB1700D653AF /* Sources */ = {
			isa = PBXSourcesBuildPhase;
			buildActionMask = 2147483647;
			files = (
				F8F77B8C26FEDB1700D653AF /* ViewController.swift in Sources */,
				F8F77B8826FEDB1700D653AF /* AppDelegate.swift in Sources */,
				F8F77B8A26FEDB1700D653AF /* SceneDelegate.swift in Sources */,
			);
			runOnlyForDeploymentPostprocessing = 0;
		};
		F8F77B9626FEDB1D00D653AF /* Sources */ = {
			isa = PBXSourcesBuildPhase;
			buildActionMask = 2147483647;
			files = (
				F8F77B9F26FEDB1D00D653AF /* RunTests.swift in Sources */,
			);
			runOnlyForDeploymentPostprocessing = 0;
		};
		F8F77BA026FEDB1D00D653AF /* Sources */ = {
			isa = PBXSourcesBuildPhase;
			buildActionMask = 2147483647;
			files = (
				F8F77BAB26FEDB1D00D653AF /* RunUITestsLaunchTests.swift in Sources */,
				F8F77BA926FEDB1D00D653AF /* RunUITests.swift in Sources */,
			);
			runOnlyForDeploymentPostprocessing = 0;
		};
/* End PBXSourcesBuildPhase section */

/* Begin PBXTargetDependency section */
		F8F77B9C26FEDB1D00D653AF /* PBXTargetDependency */ = {
			isa = PBXTargetDependency;
			target = F8F77B8326FEDB1700D653AF /* Run */;
			targetProxy = F8F77B9B26FEDB1D00D653AF /* PBXContainerItemProxy */;
		};
		F8F77BA626FEDB1D00D653AF /* PBXTargetDependency */ = {
			isa = PBXTargetDependency;
			target = F8F77B8326FEDB1700D653AF /* Run */;
			targetProxy = F8F77BA526FEDB1D00D653AF /* PBXContainerItemProxy */;
		};
/* End PBXTargetDependency section */

/* Begin PBXVariantGroup section */
		F8F77B8D26FEDB1700D653AF /* Main.storyboard */ = {
			isa = PBXVariantGroup;
			children = (
				F8F77B8E26FEDB1700D653AF /* Base */,
			);
			name = Main.storyboard;
			sourceTree = "<group>";
		};
		F8F77B9226FEDB1D00D653AF /* LaunchScreen.storyboard */ = {
			isa = PBXVariantGroup;
			children = (
				F8F77B9326FEDB1D00D653AF /* Base */,
			);
			name = LaunchScreen.storyboard;
			sourceTree = "<group>";
		};
/* End PBXVariantGroup section */

/* Begin XCBuildConfiguration section */
		F8F77BAC26FEDB1D00D653AF /* Debug */ = {
			isa = XCBuildConfiguration;
			buildSettings = {
				ALWAYS_SEARCH_USER_PATHS = NO;
				CLANG_ANALYZER_NONNULL = YES;
				CLANG_ANALYZER_NUMBER_OBJECT_CONVERSION = YES_AGGRESSIVE;
				CLANG_CXX_LANGUAGE_STANDARD = "gnu++17";
				CLANG_CXX_LIBRARY = "libc++";
				CLANG_ENABLE_MODULES = YES;
				CLANG_ENABLE_OBJC_ARC = YES;
				CLANG_ENABLE_OBJC_WEAK = YES;
				CLANG_WARN_BLOCK_CAPTURE_AUTORELEASING = YES;
				CLANG_WARN_BOOL_CONVERSION = YES;
				CLANG_WARN_COMMA = YES;
				CLANG_WARN_CONSTANT_CONVERSION = YES;
				CLANG_WARN_DEPRECATED_OBJC_IMPLEMENTATIONS = YES;
				CLANG_WARN_DIRECT_OBJC_ISA_USAGE = YES_ERROR;
				CLANG_WARN_DOCUMENTATION_COMMENTS = YES;
				CLANG_WARN_EMPTY_BODY = YES;
				CLANG_WARN_ENUM_CONVERSION = YES;
				CLANG_WARN_INFINITE_RECURSION = YES;
				CLANG_WARN_INT_CONVERSION = YES;
				CLANG_WARN_NON_LITERAL_NULL_CONVERSION = YES;
				CLANG_WARN_OBJC_IMPLICIT_RETAIN_SELF = YES;
				CLANG_WARN_OBJC_LITERAL_CONVERSION = YES;
				CLANG_WARN_OBJC_ROOT_CLASS = YES_ERROR;
				CLANG_WARN_QUOTED_INCLUDE_IN_FRAMEWORK_HEADER = YES;
				CLANG_WARN_RANGE_LOOP_ANALYSIS = YES;
				CLANG_WARN_STRICT_PROTOTYPES = YES;
				CLANG_WARN_SUSPICIOUS_MOVE = YES;
				CLANG_WARN_UNGUARDED_AVAILABILITY = YES_AGGRESSIVE;
				CLANG_WARN_UNREACHABLE_CODE = YES;
				CLANG_WARN__DUPLICATE_METHOD_MATCH = YES;
				COPY_PHASE_STRIP = NO;
				DEBUG_INFORMATION_FORMAT = dwarf;
				ENABLE_STRICT_OBJC_MSGSEND = YES;
				ENABLE_TESTABILITY = YES;
				GCC_C_LANGUAGE_STANDARD = gnu11;
				GCC_DYNAMIC_NO_PIC = NO;
				GCC_NO_COMMON_BLOCKS = YES;
				GCC_OPTIMIZATION_LEVEL = 0;
				GCC_PREPROCESSOR_DEFINITIONS = (
					"DEBUG=1",
					"$(inherited)",
				);
				GCC_WARN_64_TO_32_BIT_CONVERSION = YES;
				GCC_WARN_ABOUT_RETURN_TYPE = YES_ERROR;
				GCC_WARN_UNDECLARED_SELECTOR = YES;
				GCC_WARN_UNINITIALIZED_AUTOS = YES_AGGRESSIVE;
				GCC_WARN_UNUSED_FUNCTION = YES;
				GCC_WARN_UNUSED_VARIABLE = YES;
				IPHONEOS_DEPLOYMENT_TARGET = 15.0;
				MTL_ENABLE_DEBUG_INFO = INCLUDE_SOURCE;
				MTL_FAST_MATH = YES;
				ONLY_ACTIVE_ARCH = YES;
				SDKROOT = iphoneos;
				SWIFT_ACTIVE_COMPILATION_CONDITIONS = DEBUG;
				SWIFT_OPTIMIZATION_LEVEL = "-Onone";
			};
			name = Debug;
		};
		F8F77BAD26FEDB1D00D653AF /* Release */ = {
			isa = XCBuildConfiguration;
			buildSettings = {
				ALWAYS_SEARCH_USER_PATHS = NO;
				CLANG_ANALYZER_NONNULL = YES;
				CLANG_ANALYZER_NUMBER_OBJECT_CONVERSION = YES_AGGRESSIVE;
				CLANG_CXX_LANGUAGE_STANDARD = "gnu++17";
				CLANG_CXX_LIBRARY = "libc++";
				CLANG_ENABLE_MODULES = YES;
				CLANG_ENABLE_OBJC_ARC = YES;
				CLANG_ENABLE_OBJC_WEAK = YES;
				CLANG_WARN_BLOCK_CAPTURE_AUTORELEASING = YES;
				CLANG_WARN_BOOL_CONVERSION = YES;
				CLANG_WARN_COMMA = YES;
				CLANG_WARN_CONSTANT_CONVERSION = YES;
				CLANG_WARN_DEPRECATED_OBJC_IMPLEMENTATIONS = YES;
				CLANG_WARN_DIRECT_OBJC_ISA_USAGE = YES_ERROR;
				CLANG_WARN_DOCUMENTATION_COMMENTS = YES;
				CLANG_WARN_EMPTY_BODY = YES;
				CLANG_WARN_ENUM_CONVERSION = YES;
				CLANG_WARN_INFINITE_RECURSION = YES;
				CLANG_WARN_INT_CONVERSION = YES;
				CLANG_WARN_NON_LITERAL_NULL_CONVERSION = YES;
				CLANG_WARN_OBJC_IMPLICIT_RETAIN_SELF = YES;
				CLANG_WARN_OBJC_LITERAL_CONVERSION = YES;
				CLANG_WARN_OBJC_ROOT_CLASS = YES_ERROR;
				CLANG_WARN_QUOTED_INCLUDE_IN_FRAMEWORK_HEADER = YES;
				CLANG_WARN_RANGE_LOOP_ANALYSIS = YES;
				CLANG_WARN_STRICT_PROTOTYPES = YES;
				CLANG_WARN_SUSPICIOUS_MOVE = YES;
				CLANG_WARN_UNGUARDED_AVAILABILITY = YES_AGGRESSIVE;
				CLANG_WARN_UNREACHABLE_CODE = YES;
				CLANG_WARN__DUPLICATE_METHOD_MATCH = YES;
				COPY_PHASE_STRIP = NO;
				DEBUG_INFORMATION_FORMAT = "dwarf-with-dsym";
				ENABLE_NS_ASSERTIONS = NO;
				ENABLE_STRICT_OBJC_MSGSEND = YES;
				GCC_C_LANGUAGE_STANDARD = gnu11;
				GCC_NO_COMMON_BLOCKS = YES;
				GCC_WARN_64_TO_32_BIT_CONVERSION = YES;
				GCC_WARN_ABOUT_RETURN_TYPE = YES_ERROR;
				GCC_WARN_UNDECLARED_SELECTOR = YES;
				GCC_WARN_UNINITIALIZED_AUTOS = YES_AGGRESSIVE;
				GCC_WARN_UNUSED_FUNCTION = YES;
				GCC_WARN_UNUSED_VARIABLE = YES;
				IPHONEOS_DEPLOYMENT_TARGET = 15.0;
				MTL_ENABLE_DEBUG_INFO = NO;
				MTL_FAST_MATH = YES;
				SDKROOT = iphoneos;
				SWIFT_COMPILATION_MODE = wholemodule;
				SWIFT_OPTIMIZATION_LEVEL = "-O";
				VALIDATE_PRODUCT = YES;
			};
			name = Release;
		};
		F8F77BAF26FEDB1D00D653AF /* Debug */ = {
			isa = XCBuildConfiguration;
			buildSettings = {
				ASSETCATALOG_COMPILER_APPICON_NAME = AppIcon;
				ASSETCATALOG_COMPILER_GLOBAL_ACCENT_COLOR_NAME = AccentColor;
				CODE_SIGN_STYLE = Automatic;
				CURRENT_PROJECT_VERSION = 1;
				DEVELOPMENT_TEAM = K3ZFZ6NBNT;
				GENERATE_INFOPLIST_FILE = YES;
				INFOPLIST_FILE = Run/Info.plist;
				INFOPLIST_KEY_UIApplicationSupportsIndirectInputEvents = YES;
				INFOPLIST_KEY_UILaunchStoryboardName = LaunchScreen;
				INFOPLIST_KEY_UIMainStoryboardFile = Main;
				INFOPLIST_KEY_UISupportedInterfaceOrientations_iPad = "UIInterfaceOrientationPortrait UIInterfaceOrientationPortraitUpsideDown UIInterfaceOrientationLandscapeLeft UIInterfaceOrientationLandscapeRight";
				INFOPLIST_KEY_UISupportedInterfaceOrientations_iPhone = "UIInterfaceOrientationPortrait UIInterfaceOrientationLandscapeLeft UIInterfaceOrientationLandscapeRight";
				LD_RUNPATH_SEARCH_PATHS = (
					"$(inherited)",
					"@executable_path/Frameworks",
				);
				MARKETING_VERSION = 1.0;
				PRODUCT_BUNDLE_IDENTIFIER = com.heself.Run;
				PRODUCT_NAME = "$(TARGET_NAME)";
				SWIFT_EMIT_LOC_STRINGS = YES;
				SWIFT_VERSION = 5.0;
				TARGETED_DEVICE_FAMILY = "1,2";
			};
			name = Debug;
		};
		F8F77BB026FEDB1D00D653AF /* Release */ = {
			isa = XCBuildConfiguration;
			buildSettings = {
				ASSETCATALOG_COMPILER_APPICON_NAME = AppIcon;
				ASSETCATALOG_COMPILER_GLOBAL_ACCENT_COLOR_NAME = AccentColor;
				CODE_SIGN_STYLE = Automatic;
				CURRENT_PROJECT_VERSION = 1;
				DEVELOPMENT_TEAM = K3ZFZ6NBNT;
				GENERATE_INFOPLIST_FILE = YES;
				INFOPLIST_FILE = Run/Info.plist;
				INFOPLIST_KEY_UIApplicationSupportsIndirectInputEvents = YES;
				INFOPLIST_KEY_UILaunchStoryboardName = LaunchScreen;
				INFOPLIST_KEY_UIMainStoryboardFile = Main;
				INFOPLIST_KEY_UISupportedInterfaceOrientations_iPad = "UIInterfaceOrientationPortrait UIInterfaceOrientationPortraitUpsideDown UIInterfaceOrientationLandscapeLeft UIInterfaceOrientationLandscapeRight";
				INFOPLIST_KEY_UISupportedInterfaceOrientations_iPhone = "UIInterfaceOrientationPortrait UIInterfaceOrientationLandscapeLeft UIInterfaceOrientationLandscapeRight";
				LD_RUNPATH_SEARCH_PATHS = (
					"$(inherited)",
					"@executable_path/Frameworks",
				);
				MARKETING_VERSION = 1.0;
				PRODUCT_BUNDLE_IDENTIFIER = com.heself.Run;
				PRODUCT_NAME = "$(TARGET_NAME)";
				SWIFT_EMIT_LOC_STRINGS = YES;
				SWIFT_VERSION = 5.0;
				TARGETED_DEVICE_FAMILY = "1,2";
			};
			name = Release;
		};
		F8F77BB226FEDB1D00D653AF /* Debug */ = {
			isa = XCBuildConfiguration;
			buildSettings = {
				ALWAYS_EMBED_SWIFT_STANDARD_LIBRARIES = YES;
				BUNDLE_LOADER = "$(TEST_HOST)";
				CODE_SIGN_STYLE = Automatic;
				CURRENT_PROJECT_VERSION = 1;
				DEVELOPMENT_TEAM = K3ZFZ6NBNT;
				GENERATE_INFOPLIST_FILE = YES;
				IPHONEOS_DEPLOYMENT_TARGET = 15.0;
				LD_RUNPATH_SEARCH_PATHS = (
					"$(inherited)",
					"@executable_path/Frameworks",
					"@loader_path/Frameworks",
				);
				MARKETING_VERSION = 1.0;
				PRODUCT_BUNDLE_IDENTIFIER = com.heself.RunTests;
				PRODUCT_NAME = "$(TARGET_NAME)";
				SWIFT_EMIT_LOC_STRINGS = NO;
				SWIFT_VERSION = 5.0;
				TARGETED_DEVICE_FAMILY = "1,2";
				TEST_HOST = "$(BUILT_PRODUCTS_DIR)/Run.app/Run";
			};
			name = Debug;
		};
		F8F77BB326FEDB1D00D653AF /* Release */ = {
			isa = XCBuildConfiguration;
			buildSettings = {
				ALWAYS_EMBED_SWIFT_STANDARD_LIBRARIES = YES;
				BUNDLE_LOADER = "$(TEST_HOST)";
				CODE_SIGN_STYLE = Automatic;
				CURRENT_PROJECT_VERSION = 1;
				DEVELOPMENT_TEAM = K3ZFZ6NBNT;
				GENERATE_INFOPLIST_FILE = YES;
				IPHONEOS_DEPLOYMENT_TARGET = 15.0;
				LD_RUNPATH_SEARCH_PATHS = (
					"$(inherited)",
					"@executable_path/Frameworks",
					"@loader_path/Frameworks",
				);
				MARKETING_VERSION = 1.0;
				PRODUCT_BUNDLE_IDENTIFIER = com.heself.RunTests;
				PRODUCT_NAME = "$(TARGET_NAME)";
				SWIFT_EMIT_LOC_STRINGS = NO;
				SWIFT_VERSION = 5.0;
				TARGETED_DEVICE_FAMILY = "1,2";
				TEST_HOST = "$(BUILT_PRODUCTS_DIR)/Run.app/Run";
			};
			name = Release;
		};
		F8F77BB526FEDB1D00D653AF /* Debug */ = {
			isa = XCBuildConfiguration;
			buildSettings = {
				ALWAYS_EMBED_SWIFT_STANDARD_LIBRARIES = YES;
				CODE_SIGN_STYLE = Automatic;
				CURRENT_PROJECT_VERSION = 1;
				DEVELOPMENT_TEAM = K3ZFZ6NBNT;
				GENERATE_INFOPLIST_FILE = YES;
				LD_RUNPATH_SEARCH_PATHS = (
					"$(inherited)",
					"@executable_path/Frameworks",
					"@loader_path/Frameworks",
				);
				MARKETING_VERSION = 1.0;
				PRODUCT_BUNDLE_IDENTIFIER = com.heself.RunUITests;
				PRODUCT_NAME = "$(TARGET_NAME)";
				SWIFT_EMIT_LOC_STRINGS = NO;
				SWIFT_VERSION = 5.0;
				TARGETED_DEVICE_FAMILY = "1,2";
				TEST_TARGET_NAME = Run;
			};
			name = Debug;
		};
		F8F77BB626FEDB1D00D653AF /* Release */ = {
			isa = XCBuildConfiguration;
			buildSettings = {
				ALWAYS_EMBED_SWIFT_STANDARD_LIBRARIES = YES;
				CODE_SIGN_STYLE = Automatic;
				CURRENT_PROJECT_VERSION = 1;
				DEVELOPMENT_TEAM = K3ZFZ6NBNT;
				GENERATE_INFOPLIST_FILE = YES;
				LD_RUNPATH_SEARCH_PATHS = (
					"$(inherited)",
					"@executable_path/Frameworks",
					"@loader_path/Frameworks",
				);
				MARKETING_VERSION = 1.0;
				PRODUCT_BUNDLE_IDENTIFIER = com.heself.RunUITests;
				PRODUCT_NAME = "$(TARGET_NAME)";
				SWIFT_EMIT_LOC_STRINGS = NO;
				SWIFT_VERSION = 5.0;
				TARGETED_DEVICE_FAMILY = "1,2";
				TEST_TARGET_NAME = Run;
			};
			name = Release;
		};
/* End XCBuildConfiguration section */

/* Begin XCConfigurationList section */
		F8F77B7F26FEDB1700D653AF /* Build configuration list for PBXProject "Run" */ = {
			isa = XCConfigurationList;
			buildConfigurations = (
				F8F77BAC26FEDB1D00D653AF /* Debug */,
				F8F77BAD26FEDB1D00D653AF /* Release */,
			);
			defaultConfigurationIsVisible = 0;
			defaultConfigurationName = Release;
		};
		F8F77BAE26FEDB1D00D653AF /* Build configuration list for PBXNativeTarget "Run" */ = {
			isa = XCConfigurationList;
			buildConfigurations = (
				F8F77BAF26FEDB1D00D653AF /* Debug */,
				F8F77BB026FEDB1D00D653AF /* Release */,
			);
			defaultConfigurationIsVisible = 0;
			defaultConfigurationName = Release;
		};
		F8F77BB126FEDB1D00D653AF /* Build configuration list for PBXNativeTarget "RunTests" */ = {
			isa = XCConfigurationList;
			buildConfigurations = (
				F8F77BB226FEDB1D00D653AF /* Debug */,
				F8F77BB326FEDB1D00D653AF /* Release */,
			);
			defaultConfigurationIsVisible = 0;
			defaultConfigurationName = Release;
		};
		F8F77BB426FEDB1D00D653AF /* Build configuration list for PBXNativeTarget "RunUITests" */ = {
			isa = XCConfigurationList;
			buildConfigurations = (
				F8F77BB526FEDB1D00D653AF /* Debug */,
				F8F77BB626FEDB1D00D653AF /* Release */,
			);
			defaultConfigurationIsVisible = 0;
			defaultConfigurationName = Release;
		};
/* End XCConfigurationList section */
	};
	rootObject = F8F77B7C26FEDB1700D653AF /* Project object */;
}
